// !$*UTF8*$!
{
	archiveVersion = 1;
	classes = {
	};
	objectVersion = 50;
	objects = {

/* Begin PBXBuildFile section */
		036772D924A46CC000287F33 /* Order.swift in Sources */ = {isa = PBXBuildFile; fileRef = 036772D824A46CC000287F33 /* Order.swift */; };
		036772DC24A46CF400287F33 /* Helper.swift in Sources */ = {isa = PBXBuildFile; fileRef = 036772DB24A46CF400287F33 /* Helper.swift */; };
		036772DF24A46DBA00287F33 /* ItemRow.swift in Sources */ = {isa = PBXBuildFile; fileRef = 036772DE24A46DBA00287F33 /* ItemRow.swift */; };
		036772E124A46DDB00287F33 /* ItemDetail.swift in Sources */ = {isa = PBXBuildFile; fileRef = 036772E024A46DDB00287F33 /* ItemDetail.swift */; };
		036772E324A46E0300287F33 /* OrderView.swift in Sources */ = {isa = PBXBuildFile; fileRef = 036772E224A46E0300287F33 /* OrderView.swift */; };
		036772E524A46E2C00287F33 /* MenuView.swift in Sources */ = {isa = PBXBuildFile; fileRef = 036772E424A46E2C00287F33 /* MenuView.swift */; };
		036772E724A46E8200287F33 /* CheckoutView.swift in Sources */ = {isa = PBXBuildFile; fileRef = 036772E624A46E8200287F33 /* CheckoutView.swift */; };
		036BCD7524A450BA00252FA4 /* AppDelegate.swift in Sources */ = {isa = PBXBuildFile; fileRef = 036BCD7424A450BA00252FA4 /* AppDelegate.swift */; };
		036BCD7724A450BA00252FA4 /* SceneDelegate.swift in Sources */ = {isa = PBXBuildFile; fileRef = 036BCD7624A450BA00252FA4 /* SceneDelegate.swift */; };
		036BCD7924A450BA00252FA4 /* HomeView.swift in Sources */ = {isa = PBXBuildFile; fileRef = 036BCD7824A450BA00252FA4 /* HomeView.swift */; };
		036BCD7B24A450BC00252FA4 /* Assets.xcassets in Resources */ = {isa = PBXBuildFile; fileRef = 036BCD7A24A450BC00252FA4 /* Assets.xcassets */; };
		036BCD7E24A450BC00252FA4 /* Preview Assets.xcassets in Resources */ = {isa = PBXBuildFile; fileRef = 036BCD7D24A450BC00252FA4 /* Preview Assets.xcassets */; };
		036BCD8124A450BC00252FA4 /* LaunchScreen.storyboard in Resources */ = {isa = PBXBuildFile; fileRef = 036BCD7F24A450BC00252FA4 /* LaunchScreen.storyboard */; };
		036BCD8C24A450BC00252FA4 /* iCafeTests.swift in Sources */ = {isa = PBXBuildFile; fileRef = 036BCD8B24A450BC00252FA4 /* iCafeTests.swift */; };
		036BCD9724A450BC00252FA4 /* iCafeUITests.swift in Sources */ = {isa = PBXBuildFile; fileRef = 036BCD9624A450BC00252FA4 /* iCafeUITests.swift */; };
		036BCDA824A450FA00252FA4 /* menu.json in Resources */ = {isa = PBXBuildFile; fileRef = 036BCDA724A450FA00252FA4 /* menu.json */; };
		036BCDAA24A4511100252FA4 /* Menu.swift in Sources */ = {isa = PBXBuildFile; fileRef = 036BCDA924A4511100252FA4 /* Menu.swift */; };
/* End PBXBuildFile section */

/* Begin PBXContainerItemProxy section */
		036BCD8824A450BC00252FA4 /* PBXContainerItemProxy */ = {
			isa = PBXContainerItemProxy;
			containerPortal = 036BCD6924A450BA00252FA4 /* Project object */;
			proxyType = 1;
			remoteGlobalIDString = 036BCD7024A450BA00252FA4;
			remoteInfo = iCafe;
		};
		036BCD9324A450BC00252FA4 /* PBXContainerItemProxy */ = {
			isa = PBXContainerItemProxy;
			containerPortal = 036BCD6924A450BA00252FA4 /* Project object */;
			proxyType = 1;
			remoteGlobalIDString = 036BCD7024A450BA00252FA4;
			remoteInfo = iCafe;
		};
/* End PBXContainerItemProxy section */

/* Begin PBXFileReference section */
		036772D824A46CC000287F33 /* Order.swift */ = {isa = PBXFileReference; fileEncoding = 4; lastKnownFileType = sourcecode.swift; path = Order.swift; sourceTree = "<group>"; };
		036772DB24A46CF400287F33 /* Helper.swift */ = {isa = PBXFileReference; fileEncoding = 4; lastKnownFileType = sourcecode.swift; path = Helper.swift; sourceTree = "<group>"; };
		036772DE24A46DBA00287F33 /* ItemRow.swift */ = {isa = PBXFileReference; lastKnownFileType = sourcecode.swift; path = ItemRow.swift; sourceTree = "<group>"; };
		036772E024A46DDB00287F33 /* ItemDetail.swift */ = {isa = PBXFileReference; lastKnownFileType = sourcecode.swift; path = ItemDetail.swift; sourceTree = "<group>"; };
		036772E224A46E0300287F33 /* OrderView.swift */ = {isa = PBXFileReference; lastKnownFileType = sourcecode.swift; path = OrderView.swift; sourceTree = "<group>"; };
		036772E424A46E2C00287F33 /* MenuView.swift */ = {isa = PBXFileReference; lastKnownFileType = sourcecode.swift; path = MenuView.swift; sourceTree = "<group>"; };
		036772E624A46E8200287F33 /* CheckoutView.swift */ = {isa = PBXFileReference; lastKnownFileType = sourcecode.swift; path = CheckoutView.swift; sourceTree = "<group>"; };
		036BCD7124A450BA00252FA4 /* iCafe.app */ = {isa = PBXFileReference; explicitFileType = wrapper.application; includeInIndex = 0; path = iCafe.app; sourceTree = BUILT_PRODUCTS_DIR; };
		036BCD7424A450BA00252FA4 /* AppDelegate.swift */ = {isa = PBXFileReference; lastKnownFileType = sourcecode.swift; path = AppDelegate.swift; sourceTree = "<group>"; };
		036BCD7624A450BA00252FA4 /* SceneDelegate.swift */ = {isa = PBXFileReference; lastKnownFileType = sourcecode.swift; path = SceneDelegate.swift; sourceTree = "<group>"; };
		036BCD7824A450BA00252FA4 /* HomeView.swift */ = {isa = PBXFileReference; lastKnownFileType = sourcecode.swift; path = HomeView.swift; sourceTree = "<group>"; };
		036BCD7A24A450BC00252FA4 /* Assets.xcassets */ = {isa = PBXFileReference; lastKnownFileType = folder.assetcatalog; path = Assets.xcassets; sourceTree = "<group>"; };
		036BCD7D24A450BC00252FA4 /* Preview Assets.xcassets */ = {isa = PBXFileReference; lastKnownFileType = folder.assetcatalog; path = "Preview Assets.xcassets"; sourceTree = "<group>"; };
		036BCD8024A450BC00252FA4 /* Base */ = {isa = PBXFileReference; lastKnownFileType = file.storyboard; name = Base; path = Base.lproj/LaunchScreen.storyboard; sourceTree = "<group>"; };
		036BCD8224A450BC00252FA4 /* Info.plist */ = {isa = PBXFileReference; lastKnownFileType = text.plist.xml; path = Info.plist; sourceTree = "<group>"; };
		036BCD8724A450BC00252FA4 /* iCafeTests.xctest */ = {isa = PBXFileReference; explicitFileType = wrapper.cfbundle; includeInIndex = 0; path = iCafeTests.xctest; sourceTree = BUILT_PRODUCTS_DIR; };
		036BCD8B24A450BC00252FA4 /* iCafeTests.swift */ = {isa = PBXFileReference; lastKnownFileType = sourcecode.swift; path = iCafeTests.swift; sourceTree = "<group>"; };
		036BCD8D24A450BC00252FA4 /* Info.plist */ = {isa = PBXFileReference; lastKnownFileType = text.plist.xml; path = Info.plist; sourceTree = "<group>"; };
		036BCD9224A450BC00252FA4 /* iCafeUITests.xctest */ = {isa = PBXFileReference; explicitFileType = wrapper.cfbundle; includeInIndex = 0; path = iCafeUITests.xctest; sourceTree = BUILT_PRODUCTS_DIR; };
		036BCD9624A450BC00252FA4 /* iCafeUITests.swift */ = {isa = PBXFileReference; lastKnownFileType = sourcecode.swift; path = iCafeUITests.swift; sourceTree = "<group>"; };
		036BCD9824A450BC00252FA4 /* Info.plist */ = {isa = PBXFileReference; lastKnownFileType = text.plist.xml; path = Info.plist; sourceTree = "<group>"; };
		036BCDA724A450FA00252FA4 /* menu.json */ = {isa = PBXFileReference; fileEncoding = 4; lastKnownFileType = text.json; path = menu.json; sourceTree = "<group>"; };
		036BCDA924A4511100252FA4 /* Menu.swift */ = {isa = PBXFileReference; fileEncoding = 4; lastKnownFileType = sourcecode.swift; path = Menu.swift; sourceTree = "<group>"; };
/* End PBXFileReference section */

/* Begin PBXFrameworksBuildPhase section */
		036BCD6E24A450BA00252FA4 /* Frameworks */ = {
			isa = PBXFrameworksBuildPhase;
			buildActionMask = 2147483647;
			files = (
			);
			runOnlyForDeploymentPostprocessing = 0;
		};
		036BCD8424A450BC00252FA4 /* Frameworks */ = {
			isa = PBXFrameworksBuildPhase;
			buildActionMask = 2147483647;
			files = (
			);
			runOnlyForDeploymentPostprocessing = 0;
		};
		036BCD8F24A450BC00252FA4 /* Frameworks */ = {
			isa = PBXFrameworksBuildPhase;
			buildActionMask = 2147483647;
			files = (
			);
			runOnlyForDeploymentPostprocessing = 0;
		};
/* End PBXFrameworksBuildPhase section */

/* Begin PBXGroup section */
		036772DA24A46CCE00287F33 /* Helpers */ = {
			isa = PBXGroup;
			children = (
				036772DB24A46CF400287F33 /* Helper.swift */,
			);
			path = Helpers;
			sourceTree = "<group>";
		};
		036772DD24A46DA100287F33 /* Views */ = {
			isa = PBXGroup;
			children = (
				036772DE24A46DBA00287F33 /* ItemRow.swift */,
				036772E024A46DDB00287F33 /* ItemDetail.swift */,
			);
			path = Views;
			sourceTree = "<group>";
		};
		036BCD6824A450BA00252FA4 = {
			isa = PBXGroup;
			children = (
				036BCD7324A450BA00252FA4 /* iCafe */,
				036BCD8A24A450BC00252FA4 /* iCafeTests */,
				036BCD9524A450BC00252FA4 /* iCafeUITests */,
				036BCD7224A450BA00252FA4 /* Products */,
			);
			sourceTree = "<group>";
		};
		036BCD7224A450BA00252FA4 /* Products */ = {
			isa = PBXGroup;
			children = (
				036BCD7124A450BA00252FA4 /* iCafe.app */,
				036BCD8724A450BC00252FA4 /* iCafeTests.xctest */,
				036BCD9224A450BC00252FA4 /* iCafeUITests.xctest */,
			);
			name = Products;
			sourceTree = "<group>";
		};
		036BCD7324A450BA00252FA4 /* iCafe */ = {
			isa = PBXGroup;
			children = (
				036772DA24A46CCE00287F33 /* Helpers */,
				036BCDA624A450DE00252FA4 /* MockData */,
				036BCDA524A450D200252FA4 /* Screens */,
				036BCDA424A450CA00252FA4 /* Models */,
				036BCD7424A450BA00252FA4 /* AppDelegate.swift */,
				036BCD7624A450BA00252FA4 /* SceneDelegate.swift */,
				036BCD7824A450BA00252FA4 /* HomeView.swift */,
				036BCD7A24A450BC00252FA4 /* Assets.xcassets */,
				036BCD7F24A450BC00252FA4 /* LaunchScreen.storyboard */,
				036BCD8224A450BC00252FA4 /* Info.plist */,
				036BCD7C24A450BC00252FA4 /* Preview Content */,
			);
			path = iCafe;
			sourceTree = "<group>";
		};
		036BCD7C24A450BC00252FA4 /* Preview Content */ = {
			isa = PBXGroup;
			children = (
				036BCD7D24A450BC00252FA4 /* Preview Assets.xcassets */,
			);
			path = "Preview Content";
			sourceTree = "<group>";
		};
		036BCD8A24A450BC00252FA4 /* iCafeTests */ = {
			isa = PBXGroup;
			children = (
				036BCD8B24A450BC00252FA4 /* iCafeTests.swift */,
				036BCD8D24A450BC00252FA4 /* Info.plist */,
			);
			path = iCafeTests;
			sourceTree = "<group>";
		};
		036BCD9524A450BC00252FA4 /* iCafeUITests */ = {
			isa = PBXGroup;
			children = (
				036BCD9624A450BC00252FA4 /* iCafeUITests.swift */,
				036BCD9824A450BC00252FA4 /* Info.plist */,
			);
			path = iCafeUITests;
			sourceTree = "<group>";
		};
		036BCDA424A450CA00252FA4 /* Models */ = {
			isa = PBXGroup;
			children = (
				036772D824A46CC000287F33 /* Order.swift */,
				036BCDA924A4511100252FA4 /* Menu.swift */,
			);
			path = Models;
			sourceTree = "<group>";
		};
		036BCDA524A450D200252FA4 /* Screens */ = {
			isa = PBXGroup;
			children = (
				036772DD24A46DA100287F33 /* Views */,
				036772E224A46E0300287F33 /* OrderView.swift */,
				036772E424A46E2C00287F33 /* MenuView.swift */,
				036772E624A46E8200287F33 /* CheckoutView.swift */,
			);
			path = Screens;
			sourceTree = "<group>";
		};
		036BCDA624A450DE00252FA4 /* MockData */ = {
			isa = PBXGroup;
			children = (
				036BCDA724A450FA00252FA4 /* menu.json */,
			);
			path = MockData;
			sourceTree = "<group>";
		};
/* End PBXGroup section */

/* Begin PBXNativeTarget section */
		036BCD7024A450BA00252FA4 /* iCafe */ = {
			isa = PBXNativeTarget;
			buildConfigurationList = 036BCD9B24A450BC00252FA4 /* Build configuration list for PBXNativeTarget "iCafe" */;
			buildPhases = (
				036BCD6D24A450BA00252FA4 /* Sources */,
				036BCD6E24A450BA00252FA4 /* Frameworks */,
				036BCD6F24A450BA00252FA4 /* Resources */,
			);
			buildRules = (
			);
			dependencies = (
			);
			name = iCafe;
			productName = iCafe;
			productReference = 036BCD7124A450BA00252FA4 /* iCafe.app */;
			productType = "com.apple.product-type.application";
		};
		036BCD8624A450BC00252FA4 /* iCafeTests */ = {
			isa = PBXNativeTarget;
			buildConfigurationList = 036BCD9E24A450BC00252FA4 /* Build configuration list for PBXNativeTarget "iCafeTests" */;
			buildPhases = (
				036BCD8324A450BC00252FA4 /* Sources */,
				036BCD8424A450BC00252FA4 /* Frameworks */,
				036BCD8524A450BC00252FA4 /* Resources */,
			);
			buildRules = (
			);
			dependencies = (
				036BCD8924A450BC00252FA4 /* PBXTargetDependency */,
			);
			name = iCafeTests;
			productName = iCafeTests;
			productReference = 036BCD8724A450BC00252FA4 /* iCafeTests.xctest */;
			productType = "com.apple.product-type.bundle.unit-test";
		};
		036BCD9124A450BC00252FA4 /* iCafeUITests */ = {
			isa = PBXNativeTarget;
			buildConfigurationList = 036BCDA124A450BC00252FA4 /* Build configuration list for PBXNativeTarget "iCafeUITests" */;
			buildPhases = (
				036BCD8E24A450BC00252FA4 /* Sources */,
				036BCD8F24A450BC00252FA4 /* Frameworks */,
				036BCD9024A450BC00252FA4 /* Resources */,
			);
			buildRules = (
			);
			dependencies = (
				036BCD9424A450BC00252FA4 /* PBXTargetDependency */,
			);
			name = iCafeUITests;
			productName = iCafeUITests;
			productReference = 036BCD9224A450BC00252FA4 /* iCafeUITests.xctest */;
			productType = "com.apple.product-type.bundle.ui-testing";
		};
/* End PBXNativeTarget section */

/* Begin PBXProject section */
		036BCD6924A450BA00252FA4 /* Project object */ = {
			isa = PBXProject;
			attributes = {
				LastSwiftUpdateCheck = 1150;
				LastUpgradeCheck = 1150;
				ORGANIZATIONNAME = "Erik Mai";
				TargetAttributes = {
					036BCD7024A450BA00252FA4 = {
						CreatedOnToolsVersion = 11.5;
					};
					036BCD8624A450BC00252FA4 = {
						CreatedOnToolsVersion = 11.5;
						TestTargetID = 036BCD7024A450BA00252FA4;
					};
					036BCD9124A450BC00252FA4 = {
						CreatedOnToolsVersion = 11.5;
						TestTargetID = 036BCD7024A450BA00252FA4;
					};
				};
			};
			buildConfigurationList = 036BCD6C24A450BA00252FA4 /* Build configuration list for PBXProject "iCafe" */;
			compatibilityVersion = "Xcode 9.3";
			developmentRegion = en;
			hasScannedForEncodings = 0;
			knownRegions = (
				en,
				Base,
			);
			mainGroup = 036BCD6824A450BA00252FA4;
			productRefGroup = 036BCD7224A450BA00252FA4 /* Products */;
			projectDirPath = "";
			projectRoot = "";
			targets = (
				036BCD7024A450BA00252FA4 /* iCafe */,
				036BCD8624A450BC00252FA4 /* iCafeTests */,
				036BCD9124A450BC00252FA4 /* iCafeUITests */,
			);
		};
/* End PBXProject section */

/* Begin PBXResourcesBuildPhase section */
		036BCD6F24A450BA00252FA4 /* Resources */ = {
			isa = PBXResourcesBuildPhase;
			buildActionMask = 2147483647;
			files = (
				036BCD8124A450BC00252FA4 /* LaunchScreen.storyboard in Resources */,
				036BCD7E24A450BC00252FA4 /* Preview Assets.xcassets in Resources */,
				036BCDA824A450FA00252FA4 /* menu.json in Resources */,
				036BCD7B24A450BC00252FA4 /* Assets.xcassets in Resources */,
			);
			runOnlyForDeploymentPostprocessing = 0;
		};
		036BCD8524A450BC00252FA4 /* Resources */ = {
			isa = PBXResourcesBuildPhase;
			buildActionMask = 2147483647;
			files = (
			);
			runOnlyForDeploymentPostprocessing = 0;
		};
		036BCD9024A450BC00252FA4 /* Resources */ = {
			isa = PBXResourcesBuildPhase;
			buildActionMask = 2147483647;
			files = (
			);
			runOnlyForDeploymentPostprocessing = 0;
		};
/* End PBXResourcesBuildPhase section */

/* Begin PBXSourcesBuildPhase section */
		036BCD6D24A450BA00252FA4 /* Sources */ = {
			isa = PBXSourcesBuildPhase;
			buildActionMask = 2147483647;
			files = (
				036BCD7524A450BA00252FA4 /* AppDelegate.swift in Sources */,
				036772E724A46E8200287F33 /* CheckoutView.swift in Sources */,
				036BCD7724A450BA00252FA4 /* SceneDelegate.swift in Sources */,
				036772D924A46CC000287F33 /* Order.swift in Sources */,
				036772DF24A46DBA00287F33 /* ItemRow.swift in Sources */,
				036BCDAA24A4511100252FA4 /* Menu.swift in Sources */,
				036772E524A46E2C00287F33 /* MenuView.swift in Sources */,
				036772E124A46DDB00287F33 /* ItemDetail.swift in Sources */,
				036772E324A46E0300287F33 /* OrderView.swift in Sources */,
				036BCD7924A450BA00252FA4 /* HomeView.swift in Sources */,
				036772DC24A46CF400287F33 /* Helper.swift in Sources */,
			);
			runOnlyForDeploymentPostprocessing = 0;
		};
		036BCD8324A450BC00252FA4 /* Sources */ = {
			isa = PBXSourcesBuildPhase;
			buildActionMask = 2147483647;
			files = (
				036BCD8C24A450BC00252FA4 /* iCafeTests.swift in Sources */,
			);
			runOnlyForDeploymentPostprocessing = 0;
		};
		036BCD8E24A450BC00252FA4 /* Sources */ = {
			isa = PBXSourcesBuildPhase;
			buildActionMask = 2147483647;
			files = (
				036BCD9724A450BC00252FA4 /* iCafeUITests.swift in Sources */,
			);
			runOnlyForDeploymentPostprocessing = 0;
		};
/* End PBXSourcesBuildPhase section */

/* Begin PBXTargetDependency section */
		036BCD8924A450BC00252FA4 /* PBXTargetDependency */ = {
			isa = PBXTargetDependency;
			target = 036BCD7024A450BA00252FA4 /* iCafe */;
			targetProxy = 036BCD8824A450BC00252FA4 /* PBXContainerItemProxy */;
		};
		036BCD9424A450BC00252FA4 /* PBXTargetDependency */ = {
			isa = PBXTargetDependency;
			target = 036BCD7024A450BA00252FA4 /* iCafe */;
			targetProxy = 036BCD9324A450BC00252FA4 /* PBXContainerItemProxy */;
		};
/* End PBXTargetDependency section */

/* Begin PBXVariantGroup section */
		036BCD7F24A450BC00252FA4 /* LaunchScreen.storyboard */ = {
			isa = PBXVariantGroup;
			children = (
				036BCD8024A450BC00252FA4 /* Base */,
			);
			name = LaunchScreen.storyboard;
			sourceTree = "<group>";
		};
/* End PBXVariantGroup section */

/* Begin XCBuildConfiguration section */
		036BCD9924A450BC00252FA4 /* Debug */ = {
			isa = XCBuildConfiguration;
			buildSettings = {
				ALWAYS_SEARCH_USER_PATHS = NO;
				CLANG_ANALYZER_NONNULL = YES;
				CLANG_ANALYZER_NUMBER_OBJECT_CONVERSION = YES_AGGRESSIVE;
				CLANG_CXX_LANGUAGE_STANDARD = "gnu++14";
				CLANG_CXX_LIBRARY = "libc++";
				CLANG_ENABLE_MODULES = YES;
				CLANG_ENABLE_OBJC_ARC = YES;
				CLANG_ENABLE_OBJC_WEAK = YES;
				CLANG_WARN_BLOCK_CAPTURE_AUTORELEASING = YES;
				CLANG_WARN_BOOL_CONVERSION = YES;
				CLANG_WARN_COMMA = YES;
				CLANG_WARN_CONSTANT_CONVERSION = YES;
				CLANG_WARN_DEPRECATED_OBJC_IMPLEMENTATIONS = YES;
				CLANG_WARN_DIRECT_OBJC_ISA_USAGE = YES_ERROR;
				CLANG_WARN_DOCUMENTATION_COMMENTS = YES;
				CLANG_WARN_EMPTY_BODY = YES;
				CLANG_WARN_ENUM_CONVERSION = YES;
				CLANG_WARN_INFINITE_RECURSION = YES;
				CLANG_WARN_INT_CONVERSION = YES;
				CLANG_WARN_NON_LITERAL_NULL_CONVERSION = YES;
				CLANG_WARN_OBJC_IMPLICIT_RETAIN_SELF = YES;
				CLANG_WARN_OBJC_LITERAL_CONVERSION = YES;
				CLANG_WARN_OBJC_ROOT_CLASS = YES_ERROR;
				CLANG_WARN_RANGE_LOOP_ANALYSIS = YES;
				CLANG_WARN_STRICT_PROTOTYPES = YES;
				CLANG_WARN_SUSPICIOUS_MOVE = YES;
				CLANG_WARN_UNGUARDED_AVAILABILITY = YES_AGGRESSIVE;
				CLANG_WARN_UNREACHABLE_CODE = YES;
				CLANG_WARN__DUPLICATE_METHOD_MATCH = YES;
				COPY_PHASE_STRIP = NO;
				DEBUG_INFORMATION_FORMAT = dwarf;
				ENABLE_STRICT_OBJC_MSGSEND = YES;
				ENABLE_TESTABILITY = YES;
				GCC_C_LANGUAGE_STANDARD = gnu11;
				GCC_DYNAMIC_NO_PIC = NO;
				GCC_NO_COMMON_BLOCKS = YES;
				GCC_OPTIMIZATION_LEVEL = 0;
				GCC_PREPROCESSOR_DEFINITIONS = (
					"DEBUG=1",
					"$(inherited)",
				);
				GCC_WARN_64_TO_32_BIT_CONVERSION = YES;
				GCC_WARN_ABOUT_RETURN_TYPE = YES_ERROR;
				GCC_WARN_UNDECLARED_SELECTOR = YES;
				GCC_WARN_UNINITIALIZED_AUTOS = YES_AGGRESSIVE;
				GCC_WARN_UNUSED_FUNCTION = YES;
				GCC_WARN_UNUSED_VARIABLE = YES;
				IPHONEOS_DEPLOYMENT_TARGET = 13.5;
				MTL_ENABLE_DEBUG_INFO = INCLUDE_SOURCE;
				MTL_FAST_MATH = YES;
				ONLY_ACTIVE_ARCH = YES;
				SDKROOT = iphoneos;
				SWIFT_ACTIVE_COMPILATION_CONDITIONS = DEBUG;
				SWIFT_OPTIMIZATION_LEVEL = "-Onone";
			};
			name = Debug;
		};
		036BCD9A24A450BC00252FA4 /* Release */ = {
			isa = XCBuildConfiguration;
			buildSettings = {
				ALWAYS_SEARCH_USER_PATHS = NO;
				CLANG_ANALYZER_NONNULL = YES;
				CLANG_ANALYZER_NUMBER_OBJECT_CONVERSION = YES_AGGRESSIVE;
				CLANG_CXX_LANGUAGE_STANDARD = "gnu++14";
				CLANG_CXX_LIBRARY = "libc++";
				CLANG_ENABLE_MODULES = YES;
				CLANG_ENABLE_OBJC_ARC = YES;
				CLANG_ENABLE_OBJC_WEAK = YES;
				CLANG_WARN_BLOCK_CAPTURE_AUTORELEASING = YES;
				CLANG_WARN_BOOL_CONVERSION = YES;
				CLANG_WARN_COMMA = YES;
				CLANG_WARN_CONSTANT_CONVERSION = YES;
				CLANG_WARN_DEPRECATED_OBJC_IMPLEMENTATIONS = YES;
				CLANG_WARN_DIRECT_OBJC_ISA_USAGE = YES_ERROR;
				CLANG_WARN_DOCUMENTATION_COMMENTS = YES;
				CLANG_WARN_EMPTY_BODY = YES;
				CLANG_WARN_ENUM_CONVERSION = YES;
				CLANG_WARN_INFINITE_RECURSION = YES;
				CLANG_WARN_INT_CONVERSION = YES;
				CLANG_WARN_NON_LITERAL_NULL_CONVERSION = YES;
				CLANG_WARN_OBJC_IMPLICIT_RETAIN_SELF = YES;
				CLANG_WARN_OBJC_LITERAL_CONVERSION = YES;
				CLANG_WARN_OBJC_ROOT_CLASS = YES_ERROR;
				CLANG_WARN_RANGE_LOOP_ANALYSIS = YES;
				CLANG_WARN_STRICT_PROTOTYPES = YES;
				CLANG_WARN_SUSPICIOUS_MOVE = YES;
				CLANG_WARN_UNGUARDED_AVAILABILITY = YES_AGGRESSIVE;
				CLANG_WARN_UNREACHABLE_CODE = YES;
				CLANG_WARN__DUPLICATE_METHOD_MATCH = YES;
				COPY_PHASE_STRIP = NO;
				DEBUG_INFORMATION_FORMAT = "dwarf-with-dsym";
				ENABLE_NS_ASSERTIONS = NO;
				ENABLE_STRICT_OBJC_MSGSEND = YES;
				GCC_C_LANGUAGE_STANDARD = gnu11;
				GCC_NO_COMMON_BLOCKS = YES;
				GCC_WARN_64_TO_32_BIT_CONVERSION = YES;
				GCC_WARN_ABOUT_RETURN_TYPE = YES_ERROR;
				GCC_WARN_UNDECLARED_SELECTOR = YES;
				GCC_WARN_UNINITIALIZED_AUTOS = YES_AGGRESSIVE;
				GCC_WARN_UNUSED_FUNCTION = YES;
				GCC_WARN_UNUSED_VARIABLE = YES;
				IPHONEOS_DEPLOYMENT_TARGET = 13.5;
				MTL_ENABLE_DEBUG_INFO = NO;
				MTL_FAST_MATH = YES;
				SDKROOT = iphoneos;
				SWIFT_COMPILATION_MODE = wholemodule;
				SWIFT_OPTIMIZATION_LEVEL = "-O";
				VALIDATE_PRODUCT = YES;
			};
			name = Release;
		};
		036BCD9C24A450BC00252FA4 /* Debug */ = {
			isa = XCBuildConfiguration;
			buildSettings = {
				ASSETCATALOG_COMPILER_APPICON_NAME = AppIcon;
				CODE_SIGN_STYLE = Automatic;
				DEVELOPMENT_ASSET_PATHS = "\"iCafe/Preview Content\"";
				ENABLE_PREVIEWS = YES;
				INFOPLIST_FILE = iCafe/Info.plist;
				LD_RUNPATH_SEARCH_PATHS = (
					"$(inherited)",
					"@executable_path/Frameworks",
				);
				PRODUCT_BUNDLE_IDENTIFIER = com.dmc.iCafe;
				PRODUCT_NAME = "$(TARGET_NAME)";
				SWIFT_VERSION = 5.0;
				TARGETED_DEVICE_FAMILY = "1,2";
			};
			name = Debug;
		};
		036BCD9D24A450BC00252FA4 /* Release */ = {
			isa = XCBuildConfiguration;
			buildSettings = {
				ASSETCATALOG_COMPILER_APPICON_NAME = AppIcon;
				CODE_SIGN_STYLE = Automatic;
				DEVELOPMENT_ASSET_PATHS = "\"iCafe/Preview Content\"";
				ENABLE_PREVIEWS = YES;
				INFOPLIST_FILE = iCafe/Info.plist;
				LD_RUNPATH_SEARCH_PATHS = (
					"$(inherited)",
					"@executable_path/Frameworks",
				);
				PRODUCT_BUNDLE_IDENTIFIER = com.dmc.iCafe;
				PRODUCT_NAME = "$(TARGET_NAME)";
				SWIFT_VERSION = 5.0;
				TARGETED_DEVICE_FAMILY = "1,2";
			};
			name = Release;
		};
		036BCD9F24A450BC00252FA4 /* Debug */ = {
			isa = XCBuildConfiguration;
			buildSettings = {
				ALWAYS_EMBED_SWIFT_STANDARD_LIBRARIES = YES;
				BUNDLE_LOADER = "$(TEST_HOST)";
				CODE_SIGN_STYLE = Automatic;
				INFOPLIST_FILE = iCafeTests/Info.plist;
				IPHONEOS_DEPLOYMENT_TARGET = 13.5;
				LD_RUNPATH_SEARCH_PATHS = (
					"$(inherited)",
					"@executable_path/Frameworks",
					"@loader_path/Frameworks",
				);
				PRODUCT_BUNDLE_IDENTIFIER = com.dmc.iCafeTests;
				PRODUCT_NAME = "$(TARGET_NAME)";
				SWIFT_VERSION = 5.0;
				TARGETED_DEVICE_FAMILY = "1,2";
				TEST_HOST = "$(BUILT_PRODUCTS_DIR)/iCafe.app/iCafe";
			};
			name = Debug;
		};
		036BCDA024A450BC00252FA4 /* Release */ = {
			isa = XCBuildConfiguration;
			buildSettings = {
				ALWAYS_EMBED_SWIFT_STANDARD_LIBRARIES = YES;
				BUNDLE_LOADER = "$(TEST_HOST)";
				CODE_SIGN_STYLE = Automatic;
				INFOPLIST_FILE = iCafeTests/Info.plist;
				IPHONEOS_DEPLOYMENT_TARGET = 13.5;
				LD_RUNPATH_SEARCH_PATHS = (
					"$(inherited)",
					"@executable_path/Frameworks",
					"@loader_path/Frameworks",
				);
				PRODUCT_BUNDLE_IDENTIFIER = com.dmc.iCafeTests;
				PRODUCT_NAME = "$(TARGET_NAME)";
				SWIFT_VERSION = 5.0;
				TARGETED_DEVICE_FAMILY = "1,2";
				TEST_HOST = "$(BUILT_PRODUCTS_DIR)/iCafe.app/iCafe";
			};
			name = Release;
		};
		036BCDA224A450BC00252FA4 /* Debug */ = {
			isa = XCBuildConfiguration;
			buildSettings = {
				ALWAYS_EMBED_SWIFT_STANDARD_LIBRARIES = YES;
				CODE_SIGN_STYLE = Automatic;
				INFOPLIST_FILE = iCafeUITests/Info.plist;
				LD_RUNPATH_SEARCH_PATHS = (
					"$(inherited)",
					"@executable_path/Frameworks",
					"@loader_path/Frameworks",
				);
				PRODUCT_BUNDLE_IDENTIFIER = com.dmc.iCafeUITests;
				PRODUCT_NAME = "$(TARGET_NAME)";
				SWIFT_VERSION = 5.0;
				TARGETED_DEVICE_FAMILY = "1,2";
				TEST_TARGET_NAME = iCafe;
			};
			name = Debug;
		};
		036BCDA324A450BC00252FA4 /* Release */ = {
			isa = XCBuildConfiguration;
			buildSettings = {
				ALWAYS_EMBED_SWIFT_STANDARD_LIBRARIES = YES;
				CODE_SIGN_STYLE = Automatic;
				INFOPLIST_FILE = iCafeUITests/Info.plist;
				LD_RUNPATH_SEARCH_PATHS = (
					"$(inherited)",
					"@executable_path/Frameworks",
					"@loader_path/Frameworks",
				);
				PRODUCT_BUNDLE_IDENTIFIER = com.dmc.iCafeUITests;
				PRODUCT_NAME = "$(TARGET_NAME)";
				SWIFT_VERSION = 5.0;
				TARGETED_DEVICE_FAMILY = "1,2";
				TEST_TARGET_NAME = iCafe;
			};
			name = Release;
		};
/* End XCBuildConfiguration section */

/* Begin XCConfigurationList section */
		036BCD6C24A450BA00252FA4 /* Build configuration list for PBXProject "iCafe" */ = {
			isa = XCConfigurationList;
			buildConfigurations = (
				036BCD9924A450BC00252FA4 /* Debug */,
				036BCD9A24A450BC00252FA4 /* Release */,
			);
			defaultConfigurationIsVisible = 0;
			defaultConfigurationName = Release;
		};
		036BCD9B24A450BC00252FA4 /* Build configuration list for PBXNativeTarget "iCafe" */ = {
			isa = XCConfigurationList;
			buildConfigurations = (
				036BCD9C24A450BC00252FA4 /* Debug */,
				036BCD9D24A450BC00252FA4 /* Release */,
			);
			defaultConfigurationIsVisible = 0;
			defaultConfigurationName = Release;
		};
		036BCD9E24A450BC00252FA4 /* Build configuration list for PBXNativeTarget "iCafeTests" */ = {
			isa = XCConfigurationList;
			buildConfigurations = (
				036BCD9F24A450BC00252FA4 /* Debug */,
				036BCDA024A450BC00252FA4 /* Release */,
			);
			defaultConfigurationIsVisible = 0;
			defaultConfigurationName = Release;
		};
		036BCDA124A450BC00252FA4 /* Build configuration list for PBXNativeTarget "iCafeUITests" */ = {
			isa = XCConfigurationList;
			buildConfigurations = (
				036BCDA224A450BC00252FA4 /* Debug */,
				036BCDA324A450BC00252FA4 /* Release */,
			);
			defaultConfigurationIsVisible = 0;
			defaultConfigurationName = Release;
		};
/* End XCConfigurationList section */
	};
	rootObject = 036BCD6924A450BA00252FA4 /* Project object */;
}
